
Microsoft Visual Studio Solution File, Format Version 12.00
# Visual Studio Version 17
VisualStudioVersion = 17.4.33213.308
MinimumVisualStudioVersion = 10.0.40219.1
Project("{FAE04EC0-301F-11D3-BF4B-00C04F79EFBC}") = "WebhookSender", "WebhookSender\WebhookSender.csproj", "{F75D0C38-FCF8-48BC-9A52-FB78E04CB96C}"
EndProject
Project("{FAE04EC0-301F-11D3-BF4B-00C04F79EFBC}") = "WebhookReceiver", "WebhookReceiver\WebhookReceiver.csproj", "{9C445207-6069-4089-9820-D39A3441B331}"
EndProject
Global
	GlobalSection(SolutionConfigurationPlatforms) = preSolution
		Debug|Any CPU = Debug|Any CPU
		Release|Any CPU = Release|Any CPU
	EndGlobalSection
	GlobalSection(ProjectConfigurationPlatforms) = postSolution
		{F75D0C38-FCF8-48BC-9A52-FB78E04CB96C}.Debug|Any CPU.ActiveCfg = Debug|Any CPU
		{F75D0C38-FCF8-48BC-9A52-FB78E04CB96C}.Debug|Any CPU.Build.0 = Debug|Any CPU
		{F75D0C38-FCF8-48BC-9A52-FB78E04CB96C}.Release|Any CPU.ActiveCfg = Release|Any CPU
		{F75D0C38-FCF8-48BC-9A52-FB78E04CB96C}.Release|Any CPU.Build.0 = Release|Any CPU
		{9C445207-6069-4089-9820-D39A3441B331}.Debug|Any CPU.ActiveCfg = Debug|Any CPU
		{9C445207-6069-4089-9820-D39A3441B331}.Debug|Any CPU.Build.0 = Debug|Any CPU
		{9C445207-6069-4089-9820-D39A3441B331}.Release|Any CPU.ActiveCfg = Release|Any CPU
		{9C445207-6069-4089-9820-D39A3441B331}.Release|Any CPU.Build.0 = Release|Any CPU
	EndGlobalSection
	GlobalSection(SolutionProperties) = preSolution
		HideSolutionNode = FALSE
	EndGlobalSection
	GlobalSection(ExtensibilityGlobals) = postSolution
		SolutionGuid = {AE8A176B-A641-43A7-9945-1D32A84E17ED}
	EndGlobalSection
EndGlobal
